
Microsoft Visual Studio Solution File, Format Version 12.00
# Visual Studio Version 17
VisualStudioVersion = 17.6.33723.286
MinimumVisualStudioVersion = 10.0.40219.1
Project("{FAE04EC0-301F-11D3-BF4B-00C04F79EFBC}") = "Emmanuel_Kianda_ST10081944_PROG7311_POE_PART_2", "Emmanuel_Kianda_ST10081944_PROG7311_POE_PART_2.csproj", "{E3A72027-6338-44B6-97DA-3780ECCDBC3E}"
EndProject
Global
	GlobalSection(SolutionConfigurationPlatforms) = preSolution
		Debug|Any CPU = Debug|Any CPU
		Release|Any CPU = Release|Any CPU
	EndGlobalSection
	GlobalSection(ProjectConfigurationPlatforms) = postSolution
		{E3A72027-6338-44B6-97DA-3780ECCDBC3E}.Debug|Any CPU.ActiveCfg = Debug|Any CPU
		{E3A72027-6338-44B6-97DA-3780ECCDBC3E}.Debug|Any CPU.Build.0 = Debug|Any CPU
		{E3A72027-6338-44B6-97DA-3780ECCDBC3E}.Release|Any CPU.ActiveCfg = Release|Any CPU
		{E3A72027-6338-44B6-97DA-3780ECCDBC3E}.Release|Any CPU.Build.0 = Release|Any CPU
	EndGlobalSection
	GlobalSection(SolutionProperties) = preSolution
		HideSolutionNode = FALSE
	EndGlobalSection
	GlobalSection(ExtensibilityGlobals) = postSolution
		SolutionGuid = {32F3D5B3-C48E-400F-9E55-662A3909D514}
	EndGlobalSection
EndGlobal
